
Microsoft Visual Studio Solution File, Format Version 12.00
# Visual Studio Version 17
VisualStudioVersion = 17.8.34525.116
MinimumVisualStudioVersion = 10.0.40219.1
Project("{FAE04EC0-301F-11D3-BF4B-00C04F79EFBC}") = "Server-Client", "Server-Client.csproj", "{3B082492-FAF1-4D37-8074-C4A9EC433C62}"
EndProject
Project("{FAE04EC0-301F-11D3-BF4B-00C04F79EFBC}") = "Client", "..\Client\Client.csproj", "{B5040B0D-CC7C-4954-867C-C59B348F0696}"
EndProject
Global
	GlobalSection(SolutionConfigurationPlatforms) = preSolution
		Debug|Any CPU = Debug|Any CPU
		Release|Any CPU = Release|Any CPU
	EndGlobalSection
	GlobalSection(ProjectConfigurationPlatforms) = postSolution
		{3B082492-FAF1-4D37-8074-C4A9EC433C62}.Debug|Any CPU.ActiveCfg = Debug|Any CPU
		{3B082492-FAF1-4D37-8074-C4A9EC433C62}.Debug|Any CPU.Build.0 = Debug|Any CPU
		{3B082492-FAF1-4D37-8074-C4A9EC433C62}.Release|Any CPU.ActiveCfg = Release|Any CPU
		{3B082492-FAF1-4D37-8074-C4A9EC433C62}.Release|Any CPU.Build.0 = Release|Any CPU
		{B5040B0D-CC7C-4954-867C-C59B348F0696}.Debug|Any CPU.ActiveCfg = Debug|Any CPU
		{B5040B0D-CC7C-4954-867C-C59B348F0696}.Debug|Any CPU.Build.0 = Debug|Any CPU
		{B5040B0D-CC7C-4954-867C-C59B348F0696}.Release|Any CPU.ActiveCfg = Release|Any CPU
		{B5040B0D-CC7C-4954-867C-C59B348F0696}.Release|Any CPU.Build.0 = Release|Any CPU
	EndGlobalSection
	GlobalSection(SolutionProperties) = preSolution
		HideSolutionNode = FALSE
	EndGlobalSection
	GlobalSection(ExtensibilityGlobals) = postSolution
		SolutionGuid = {C828F56D-10C6-4122-A5DC-8EEC47C1BA5A}
	EndGlobalSection
EndGlobal
